{
  "nodes": {
    "devshell": {
      "inputs": {
        "nixpkgs": [
          "nixpkgs"
        ]
      },
      "locked": {
        "lastModified": 1764011051,
        "narHash": "sha256-M7SZyPZiqZUR/EiiBJnmyUbOi5oE/03tCeFrTiUZchI=",
        "owner": "numtide",
        "repo": "devshell",
        "rev": "17ed8d9744ebe70424659b0ef74ad6d41fc87071",
        "type": "github"
      },
      "original": {
        "owner": "numtide",
        "repo": "devshell",
        "type": "github"
      }
    },
    "fenix": {
      "inputs": {
        "nixpkgs": [
          "nixpkgs"
        ],
        "rust-analyzer-src": "rust-analyzer-src"
      },
      "locked": {
        "lastModified": 1761979010,
        "narHash": "sha256-isqMvjTk3jdTHN6KA/BWQvOSVe7O35OQKAZNtLK76OY=",
        "rev": "3107255abfe4f2d1c3eee7a3e2f5a5eb6f2200fe",
        "revCount": 2439,
        "type": "tarball",
        "url": "https://api.flakehub.com/f/pinned/nix-community/fenix/0.1.2439%2Brev-3107255abfe4f2d1c3eee7a3e2f5a5eb6f2200fe/019a3e7f-523d-7e82-b791-0e92cf55a0a9/source.tar.gz"
      },
      "original": {
        "type": "tarball",
        "url": "https://flakehub.com/f/nix-community/fenix/0.1.%2A.tar.gz"
      }
    },
    "flake-linter": {
      "inputs": {
        "flake-parts": [
          "flake-parts"
        ],
        "nixpkgs": "nixpkgs"
      },
      "locked": {
        "lastModified": 1762429278,
        "narHash": "sha256-hhG3lblYsATQttXTcpVmw+lOvjeEdhMW4fKkNv1niJ4=",
        "owner": "mic92",
        "repo": "flake-linter",
        "rev": "f88dc09a7a09f500667e26ecbd3db4f06702ec0a",
        "type": "github"
      },
      "original": {
        "owner": "mic92",
        "repo": "flake-linter",
        "type": "github"
      }
    },
    "flake-parts": {
      "inputs": {
        "nixpkgs-lib": "nixpkgs-lib"
      },
      "locked": {
        "lastModified": 1763759067,
        "narHash": "sha256-LlLt2Jo/gMNYAwOgdRQBrsRoOz7BPRkzvNaI/fzXi2Q=",
        "owner": "hercules-ci",
        "repo": "flake-parts",
        "rev": "2cccadc7357c0ba201788ae99c4dfa90728ef5e0",
        "type": "github"
      },
      "original": {
        "owner": "hercules-ci",
        "repo": "flake-parts",
        "type": "github"
      }
    },
    "flake-root": {
      "locked": {
        "lastModified": 1723604017,
        "narHash": "sha256-rBtQ8gg+Dn4Sx/s+pvjdq3CB2wQNzx9XGFq/JVGCB6k=",
        "owner": "srid",
        "repo": "flake-root",
        "rev": "b759a56851e10cb13f6b8e5698af7b59c44be26e",
        "type": "github"
      },
      "original": {
        "owner": "srid",
        "repo": "flake-root",
        "type": "github"
      }
    },
    "mission-control": {
      "locked": {
        "lastModified": 1733438716,
        "narHash": "sha256-1tt43rwHk0N5fwEhbpsHWO4nBVFCQN0w1KM427DNycM=",
        "owner": "Platonic-Systems",
        "repo": "mission-control",
        "rev": "65d04c4ab9db076eff09824d2936a5c215c21f36",
        "type": "github"
      },
      "original": {
        "owner": "Platonic-Systems",
        "repo": "mission-control",
        "type": "github"
      }
    },
    "nix-filter": {
      "locked": {
        "lastModified": 1757882181,
        "narHash": "sha256-+cCxYIh2UNalTz364p+QYmWHs0P+6wDhiWR4jDIKQIU=",
        "owner": "numtide",
        "repo": "nix-filter",
        "rev": "59c44d1909c72441144b93cf0f054be7fe764de5",
        "type": "github"
      },
      "original": {
        "owner": "numtide",
        "repo": "nix-filter",
        "type": "github"
      }
    },
    "nixpkgs": {
      "locked": {
        "lastModified": 1762286042,
        "narHash": "sha256-OD5HsZ+sN7VvNucbrjiCz7CHF5zf9gP51YVJvPwYIH8=",
        "ref": "nixpkgs-unstable",
        "rev": "12c1f0253aa9a54fdf8ec8aecaafada64a111e24",
        "shallow": true,
        "type": "git",
        "url": "https://github.com/NixOS/nixpkgs"
      },
      "original": {
        "ref": "nixpkgs-unstable",
        "shallow": true,
        "type": "git",
        "url": "https://github.com/NixOS/nixpkgs"
      }
    },
    "nixpkgs-lib": {
      "locked": {
        "lastModified": 1761765539,
        "narHash": "sha256-b0yj6kfvO8ApcSE+QmA6mUfu8IYG6/uU28OFn4PaC8M=",
        "owner": "nix-community",
        "repo": "nixpkgs.lib",
        "rev": "719359f4562934ae99f5443f20aa06c2ffff91fc",
        "type": "github"
      },
      "original": {
        "owner": "nix-community",
        "repo": "nixpkgs.lib",
        "type": "github"
      }
    },
    "nixpkgs_2": {
      "locked": {
        "lastModified": 1763966396,
        "narHash": "sha256-6eeL1YPcY1MV3DDStIDIdy/zZCDKgHdkCmsrLJFiZf0=",
        "rev": "5ae3b07d8d6527c42f17c876e404993199144b6a",
        "revCount": 901419,
        "type": "tarball",
        "url": "https://api.flakehub.com/f/pinned/NixOS/nixpkgs/0.1.901419%2Brev-5ae3b07d8d6527c42f17c876e404993199144b6a/019abb3c-8b65-7e43-ade7-cba097e333a6/source.tar.gz"
      },
      "original": {
        "type": "tarball",
        "url": "https://flakehub.com/f/NixOS/nixpkgs/0.1.%2A.tar.gz"
      }
    },
    "process-compose-flake": {
      "locked": {
        "lastModified": 1763591764,
        "narHash": "sha256-fWFTm4t/t44f0NAV2wsmMpqHOYKbAPxkwjtgxqcD1GE=",
        "owner": "Platonic-Systems",
        "repo": "process-compose-flake",
        "rev": "1a991178ac404862f002170b5f4228b49011f14e",
        "type": "github"
      },
      "original": {
        "owner": "Platonic-Systems",
        "repo": "process-compose-flake",
        "type": "github"
      }
    },
    "root": {
      "inputs": {
        "devshell": "devshell",
        "fenix": "fenix",
        "flake-linter": "flake-linter",
        "flake-parts": "flake-parts",
        "flake-root": "flake-root",
        "mission-control": "mission-control",
        "nix-filter": "nix-filter",
        "nixpkgs": "nixpkgs_2",
        "process-compose-flake": "process-compose-flake",
        "treefmt-nix": "treefmt-nix"
      }
    },
    "rust-analyzer-src": {
      "flake": false,
      "locked": {
        "lastModified": 1761894503,
        "narHash": "sha256-SreGV62DEv7kLJEcOBrw2V6Kup0siT4wS3Ye8PlFTdE=",
        "owner": "rust-lang",
        "repo": "rust-analyzer",
        "rev": "2e2e3ebec91215078de9b754363fc9a7b0fdef13",
        "type": "github"
      },
      "original": {
        "owner": "rust-lang",
        "ref": "nightly",
        "repo": "rust-analyzer",
        "type": "github"
      }
    },
    "treefmt-nix": {
      "inputs": {
        "nixpkgs": [
          "nixpkgs"
        ]
      },
      "locked": {
        "lastModified": 1762938485,
        "narHash": "sha256-AlEObg0syDl+Spi4LsZIBrjw+snSVU4T8MOeuZJUJjM=",
        "owner": "numtide",
        "repo": "treefmt-nix",
        "rev": "5b4ee75aeefd1e2d5a1cc43cf6ba65eba75e83e4",
        "type": "github"
      },
      "original": {
        "owner": "numtide",
        "repo": "treefmt-nix",
        "type": "github"
      }
    }
  },
  "root": "root",
  "version": 7
}
