%{
  "decimal": {:hex, :decimal, "2.3.0", "3ad6255aa77b4a3c4f818171b12d237500e63525c2fd056699967a3e7ea20f62", [:mix], [], "hexpm", "a4d66355cb29cb47c3cf30e71329e58361cfcb37c34235ef3bf1d7bf3773aeac"},
  "ex_json_schema": {:hex, :ex_json_schema, "0.11.2", "8f8200e6afa5473f37dbebd1e72bf97d8d5dd0128125123ed1532611267f0138", [:mix], [{:decimal, "~> 2.0", [hex: :decimal, repo: "hexpm", optional: false]}], "hexpm", "395f4aaf32ea0a14d861b16695e7bc8a1b5d841e0fd374d25aef9701bf8da825"},
  "exonerate": {:hex, :exonerate, "1.1.3", "96c3249f0358567151d595a49d612849a7a57930575a1eb781c178f2e84b1559", [:mix], [{:finch, "~> 0.15", [hex: :finch, repo: "hexpm", optional: true]}, {:idna, "~> 6.1.1", [hex: :idna, repo: "hexpm", optional: true]}, {:jason, "~> 1.4.0", [hex: :jason, repo: "hexpm", optional: false]}, {:json_ptr, "~> 1.0", [hex: :json_ptr, repo: "hexpm", optional: false]}, {:match_spec, "~> 0.3.1", [hex: :match_spec, repo: "hexpm", optional: false]}, {:pegasus, "~> 0.2.2", [hex: :pegasus, repo: "hexpm", optional: true]}, {:req, "~> 0.3", [hex: :req, repo: "hexpm", optional: true]}, {:yaml_elixir, "~> 2.7", [hex: :yaml_elixir, repo: "hexpm", optional: true]}], "hexpm", "cb750e303ae79987153eecb474ccd011f45e3dea7c4f988d8286facdf56db1d2"},
  "jason": {:hex, :jason, "1.4.4", "b9226785a9aa77b6857ca22832cffa5d5011a667207eb2a0ad56adb5db443b8a", [:mix], [{:decimal, "~> 1.0 or ~> 2.0", [hex: :decimal, repo: "hexpm", optional: true]}], "hexpm", "c5eb0cab91f094599f94d55bc63409236a8ec69a21a67814529e8d5f6cc90b3b"},
  "json_ptr": {:hex, :json_ptr, "1.2.0", "07a757d1b0a86b7fd73f5a5b26d4d41c5bc7d5be4a3e3511d7458293ce70b8bb", [:mix], [{:jason, "~> 1.4.0", [hex: :jason, repo: "hexpm", optional: false]}], "hexpm", "e58704ac304cbf3832c0ac161e76479e7b05f75427991ddd57e19b307ae4aa05"},
  "match_spec": {:hex, :match_spec, "0.3.3", "bd05cfd7d7e0585925ba5977e3f36aa515f71622a6f608736864b563ae0cdcfe", [:mix], [], "hexpm", "8c82719667c68be4acd24c03ab2f3351eb89a46f47ebd02ad7b80f3ce6365fb2"},
}
