lockfileVersion: '9.0'

settings:
  autoInstallPeers: true
  excludeLinksFromLockfile: false

importers:

  .:
    dependencies:
      '@effect-atom/atom-react':
        specifier: ^0.3.4
        version: 0.3.4(@effect/experimental@0.56.0(@effect/platform@0.92.1(effect@3.18.4))(effect@3.18.4))(@effect/platform@0.92.1(effect@3.18.4))(@effect/rpc@0.71.1(@effect/platform@0.92.1(effect@3.18.4))(effect@3.18.4))(effect@3.18.4)(react@19.2.0)(scheduler@0.27.0)
      '@iwer/devui':
        specifier: ^1.1.2
        version: 1.1.2(@types/react@19.2.2)(iwer@2.1.1)
      '@react-three/drei':
        specifier: ^10.7.6
        version: 10.7.6(@react-three/fiber@9.4.0(@types/react@19.2.2)(react-dom@19.2.0(react@19.2.0))(react@19.2.0)(three@0.180.0))(@types/react@19.2.2)(@types/three@0.180.0)(react-dom@19.2.0(react@19.2.0))(react@19.2.0)(three@0.180.0)
      '@react-three/fiber':
        specifier: ^9.4.0
        version: 9.4.0(@types/react@19.2.2)(react-dom@19.2.0(react@19.2.0))(react@19.2.0)(three@0.180.0)
      '@react-three/xr':
        specifier: ^6.6.27
        version: 6.6.27(@react-three/fiber@9.4.0(@types/react@19.2.2)(react-dom@19.2.0(react@19.2.0))(react@19.2.0)(three@0.180.0))(@types/react@19.2.2)(react-dom@19.2.0(react@19.2.0))(react@19.2.0)(three@0.180.0)
      '@supabase/supabase-js':
        specifier: ^2.78.0
        version: 2.78.0
      effect:
        specifier: ^3.18.4
        version: 3.18.4
      iwer:
        specifier: ^2.1.1
        version: 2.1.1
      react:
        specifier: ^19.2.0
        version: 19.2.0
      three:
        specifier: ^0.180.0
        version: 0.180.0
      tslib:
        specifier: ^2.8.1
        version: 2.8.1

packages:

  '@babel/runtime@7.28.4':
    resolution: {integrity: sha512-Q/N6JNWvIvPnLDvjlE1OUBLPQHH6l3CltCEsHIujp45zQUSSh8K+gHnaEX45yAT1nyngnINhvWtzN+Nb9D8RAQ==}
    engines: {node: '>=6.9.0'}

  '@bufbuild/protobuf@2.10.0':
    resolution: {integrity: sha512-fdRs9PSrBF7QUntpZpq6BTw58fhgGJojgg39m9oFOJGZT+nip9b0so5cYY1oWl5pvemDLr0cPPsH46vwThEbpQ==}

  '@dimforge/rapier3d-compat@0.12.0':
    resolution: {integrity: sha512-uekIGetywIgopfD97oDL5PfeezkFpNhwlzlaEYNOA0N6ghdsOvh/HYjSMek5Q2O1PYvRSDFcqFVJl4r4ZBwOow==}

  '@effect-atom/atom-react@0.3.4':
    resolution: {integrity: sha512-1udCtYBTP597a/xwVfIku2NyYV7sEvoLeoCXAOyAaVciRu2pJgLfq6BU9TWoVf3/nkQTQgcUYAKH3SBc1lUHhA==}
    peerDependencies:
      effect: ^3.18
      react: '>=18 <20'
      scheduler: '*'

  '@effect-atom/atom@0.3.4':
    resolution: {integrity: sha512-bHRJtbHkbNwlDnyYHttwGO5lpXcFauH6qCU3/v5IlOPPOnN8MUmPqk5aDiBt+NzkkeTiLfSvkcWxwT/0WU6mqA==}
    peerDependencies:
      '@effect/experimental': ^0.56.0
      '@effect/platform': ^0.92.1
      '@effect/rpc': ^0.71.0
      effect: ^3.18.4

  '@effect/experimental@0.56.0':
    resolution: {integrity: sha512-ZT9wTUVyDptzdkW4Tfvz5fNzygW9vt5jWcFmKI9SlhZMu9unVJgsBhxWCNYCyfPnxw3n/Z6SEKsqgt8iKQc4MA==}
    peerDependencies:
      '@effect/platform': ^0.92.0
      effect: ^3.18.0
      ioredis: ^5
      lmdb: ^3
    peerDependenciesMeta:
      ioredis:
        optional: true
      lmdb:
        optional: true

  '@effect/platform@0.92.1':
    resolution: {integrity: sha512-XXWCBVwyhaKZISN7aM1fv/3fWDGyxr84ObywnUrL8aHvJLoIeskWFAP/fqw3c5MFCrJ3ZV97RWLbv6JiBQugdg==}
    peerDependencies:
      effect: ^3.18.1

  '@effect/rpc@0.71.1':
    resolution: {integrity: sha512-WgASRYmLBbCHM+3xfAGACVM8nOl8DJb+46znAN80hURVOzbPDd7/xjepj59idpIZYBsErv4ixRKfVLLtrGGPyg==}
    peerDependencies:
      '@effect/platform': ^0.92.1
      effect: ^3.18.4

  '@emotion/is-prop-valid@1.2.2':
    resolution: {integrity: sha512-uNsoYd37AFmaCdXlg6EYD1KaPOaRWRByMCYzbKUX4+hhMfrxdVSelShywL4JVaAeM/eHUOSprYBQls+/neX3pw==}

  '@emotion/memoize@0.8.1':
    resolution: {integrity: sha512-W2P2c/VRW1/1tLox0mVUalvnWXxavmv/Oum2aPsRcoDJuob75FC3Y8FbpfLwUegRcxINtGUMPq0tFCvYNTBXNA==}

  '@emotion/unitless@0.8.1':
    resolution: {integrity: sha512-KOEGMu6dmJZtpadb476IsZBclKvILjopjUii3V+7MnXIQCYh8W3NgNcgwo21n9LXZX6EDIKvqfjYxXebDwxKmQ==}

  '@fortawesome/fontawesome-common-types@6.6.0':
    resolution: {integrity: sha512-xyX0X9mc0kyz9plIyryrRbl7ngsA9jz77mCZJsUkLl+ZKs0KWObgaEBoSgQiYWAsSmjz/yjl0F++Got0Mdp4Rw==}
    engines: {node: '>=6'}

  '@fortawesome/fontawesome-svg-core@6.6.0':
    resolution: {integrity: sha512-KHwPkCk6oRT4HADE7smhfsKudt9N/9lm6EJ5BVg0tD1yPA5hht837fB87F8pn15D8JfTqQOjhKTktwmLMiD7Kg==}
    engines: {node: '>=6'}

  '@fortawesome/free-solid-svg-icons@6.6.0':
    resolution: {integrity: sha512-IYv/2skhEDFc2WGUcqvFJkeK39Q+HyPf5GHUrT/l2pKbtgEIv1al1TKd6qStR5OIwQdN1GZP54ci3y4mroJWjA==}
    engines: {node: '>=6'}

  '@fortawesome/react-fontawesome@0.2.2':
    resolution: {integrity: sha512-EnkrprPNqI6SXJl//m29hpaNzOp1bruISWaOiRtkMi/xSvHJlzc2j2JAYS7egxt/EbjSNV/k6Xy0AQI6vB2+1g==}
    peerDependencies:
      '@fortawesome/fontawesome-svg-core': ~1 || ~6
      react: '>=16.3'

  '@iwer/devui@1.1.2':
    resolution: {integrity: sha512-ggF1lXSX14BTYP0QzB4xaurySr2PC+3+rtK/dpCR++giWquzFv2mBw3LW/PaCtdl5mqkZMrQ2GSwfUNg9ZoO+w==}
    peerDependencies:
      iwer: ^2.0.1

  '@iwer/sem@0.2.5':
    resolution: {integrity: sha512-vMCfpu/7Qqc+hkBiGD9pxjeObgrhXOrL0KX94CA3yzJaU0dq0y49HXZT6fC+6X/jOmjaM3hjyE1m2h7ZmLzzyA==}
    peerDependencies:
      iwer: ^2.0.0

  '@mediapipe/tasks-vision@0.10.17':
    resolution: {integrity: sha512-CZWV/q6TTe8ta61cZXjfnnHsfWIdFhms03M9T7Cnd5y2mdpylJM0rF1qRq+wsQVRMLz1OYPVEBU9ph2Bx8cxrg==}

  '@monogrid/gainmap-js@3.1.0':
    resolution: {integrity: sha512-Obb0/gEd/HReTlg8ttaYk+0m62gQJmCblMOjHSMHRrBP2zdfKMHLCRbh/6ex9fSUJMKdjjIEiohwkbGD3wj2Nw==}
    peerDependencies:
      three: '>= 0.159.0'

  '@msgpackr-extract/msgpackr-extract-darwin-arm64@3.0.3':
    resolution: {integrity: sha512-QZHtlVgbAdy2zAqNA9Gu1UpIuI8Xvsd1v8ic6B2pZmeFnFcMWiPLfWXh7TVw4eGEZ/C9TH281KwhVoeQUKbyjw==}
    cpu: [arm64]
    os: [darwin]

  '@msgpackr-extract/msgpackr-extract-darwin-x64@3.0.3':
    resolution: {integrity: sha512-mdzd3AVzYKuUmiWOQ8GNhl64/IoFGol569zNRdkLReh6LRLHOXxU4U8eq0JwaD8iFHdVGqSy4IjFL4reoWCDFw==}
    cpu: [x64]
    os: [darwin]

  '@msgpackr-extract/msgpackr-extract-linux-arm64@3.0.3':
    resolution: {integrity: sha512-YxQL+ax0XqBJDZiKimS2XQaf+2wDGVa1enVRGzEvLLVFeqa5kx2bWbtcSXgsxjQB7nRqqIGFIcLteF/sHeVtQg==}
    cpu: [arm64]
    os: [linux]

  '@msgpackr-extract/msgpackr-extract-linux-arm@3.0.3':
    resolution: {integrity: sha512-fg0uy/dG/nZEXfYilKoRe7yALaNmHoYeIoJuJ7KJ+YyU2bvY8vPv27f7UKhGRpY6euFYqEVhxCFZgAUNQBM3nw==}
    cpu: [arm]
    os: [linux]

  '@msgpackr-extract/msgpackr-extract-linux-x64@3.0.3':
    resolution: {integrity: sha512-cvwNfbP07pKUfq1uH+S6KJ7dT9K8WOE4ZiAcsrSes+UY55E/0jLYc+vq+DO7jlmqRb5zAggExKm0H7O/CBaesg==}
    cpu: [x64]
    os: [linux]

  '@msgpackr-extract/msgpackr-extract-win32-x64@3.0.3':
    resolution: {integrity: sha512-x0fWaQtYp4E6sktbsdAqnehxDgEc/VwM7uLsRCYWaiGu0ykYdZPiS8zCWdnjHwyiumousxfBm4SO31eXqwEZhQ==}
    cpu: [x64]
    os: [win32]

  '@pmndrs/handle@6.6.27':
    resolution: {integrity: sha512-8H+edpERV/5aKk3l2sArwbSfaW3G0K0ivVxcQa6cM/RpyAxG68tvQXk7lwoy93Yyj9RgkGUJOoVQay7ta5Oz9g==}

  '@pmndrs/pointer-events@6.6.27':
    resolution: {integrity: sha512-3vi+BZQ+Kv63duWf7A4lcPJTFaAGL1Os+SjTO6FDOriZwnOLXTa3XtEuEqC3LFR7wV7Zs/qIY+onTP3TxtXSEQ==}

  '@pmndrs/xr@6.6.27':
    resolution: {integrity: sha512-kUxyV1Z2frVvLZ6ogUF3VjEkwBrejY1S7Kl01XHRlvD//H8eiUtwHvzyHBe+moVwfFd5hu5Qq/Ei6Fn/e78ttg==}
    peerDependencies:
      three: '*'

  '@react-three/drei@10.7.6':
    resolution: {integrity: sha512-ZSFwRlRaa4zjtB7yHO6Q9xQGuyDCzE7whXBhum92JslcMRC3aouivp0rAzszcVymIoJx6PXmibyP+xr+zKdwLg==}
    peerDependencies:
      '@react-three/fiber': ^9.0.0
      react: ^19
      react-dom: ^19
      three: '>=0.159'
    peerDependenciesMeta:
      react-dom:
        optional: true

  '@react-three/fiber@9.4.0':
    resolution: {integrity: sha512-k4iu1R6e5D54918V4sqmISUkI5OgTw3v7/sDRKEC632Wd5g2WBtUS5gyG63X0GJO/HZUj1tsjSXfyzwrUHZl1g==}
    peerDependencies:
      expo: '>=43.0'
      expo-asset: '>=8.4'
      expo-file-system: '>=11.0'
      expo-gl: '>=11.0'
      react: ^19.0.0
      react-dom: ^19.0.0
      react-native: '>=0.78'
      three: '>=0.156'
    peerDependenciesMeta:
      expo:
        optional: true
      expo-asset:
        optional: true
      expo-file-system:
        optional: true
      expo-gl:
        optional: true
      react-dom:
        optional: true
      react-native:
        optional: true

  '@react-three/xr@6.6.27':
    resolution: {integrity: sha512-ueUYxM+oEcpq5fsi590kAiuWb/G0RbUoqSD9xzYVcjVsp40qfXQnYsf6mtv6KRSiPwbSw8AU8Sme40U9EOVo3Q==}
    peerDependencies:
      '@react-three/fiber': '>=8'
      react: '>=18'
      react-dom: '>=18'
      three: '*'

  '@standard-schema/spec@1.0.0':
    resolution: {integrity: sha512-m2bOd0f2RT9k8QJx1JN85cZYyH1RqFBdlwtkSlf4tBDYLCiiZnv1fIIwacK6cqwXavOydf0NPToMQgpKq+dVlA==}

  '@supabase/auth-js@2.78.0':
    resolution: {integrity: sha512-cXDtu1U0LeZj/xfnFoV7yCze37TcbNo8FCxy1FpqhMbB9u9QxxDSW6pA5gm/07Ei7m260Lof4CZx67Cu6DPeig==}

  '@supabase/functions-js@2.78.0':
    resolution: {integrity: sha512-t1jOvArBsOINyqaRee1xJ3gryXLvkBzqnKfi6q3YRzzhJbGS6eXz0pXR5fqmJeB01fLC+1njpf3YhMszdPEF7g==}

  '@supabase/node-fetch@2.6.15':
    resolution: {integrity: sha512-1ibVeYUacxWYi9i0cf5efil6adJ9WRyZBLivgjs+AUpewx1F3xPi7gLgaASI2SmIQxPoCEjAsLAzKPgMJVgOUQ==}
    engines: {node: 4.x || >=6.0.0}

  '@supabase/postgrest-js@2.78.0':
    resolution: {integrity: sha512-AwhpYlSvJ+PSnPmIK8sHj7NGDyDENYfQGKrMtpVIEzQA2ApUjgpUGxzXWN4Z0wEtLQsvv7g4y9HVad9Hzo1TNA==}

  '@supabase/realtime-js@2.78.0':
    resolution: {integrity: sha512-rCs1zmLe7of7hj4s7G9z8rTqzWuNVtmwDr3FiCRCJFawEoa+RQO1xpZGbdeuVvVmKDyVN6b542Okci+117y/LQ==}

  '@supabase/storage-js@2.78.0':
    resolution: {integrity: sha512-n17P0JbjHOlxqJpkaGFOn97i3EusEKPEbWOpuk1r4t00Wg06B8Z4GUiq0O0n1vUpjiMgJUkLIMuBVp+bEgunzQ==}

  '@supabase/supabase-js@2.78.0':
    resolution: {integrity: sha512-xYMRNBFmKp2m1gMuwcp/gr/HlfZKqjye1Ib8kJe29XJNsgwsfO/f8skxnWiscFKTlkOKLuBexNgl5L8dzGt6vA==}

  '@tweenjs/tween.js@23.1.3':
    resolution: {integrity: sha512-vJmvvwFxYuGnF2axRtPYocag6Clbb5YS7kLL+SO/TeVFzHqDIWrNKYtcsPMibjDx9O+bu+psAy9NKfWklassUA==}

  '@types/draco3d@1.4.10':
    resolution: {integrity: sha512-AX22jp8Y7wwaBgAixaSvkoG4M/+PlAcm3Qs4OW8yT9DM4xUpWKeFhLueTAyZF39pviAdcDdeJoACapiAceqNcw==}

  '@types/node@24.9.2':
    resolution: {integrity: sha512-uWN8YqxXxqFMX2RqGOrumsKeti4LlmIMIyV0lgut4jx7KQBcBiW6vkDtIBvHnHIquwNfJhk8v2OtmO8zXWHfPA==}

  '@types/offscreencanvas@2019.7.3':
    resolution: {integrity: sha512-ieXiYmgSRXUDeOntE1InxjWyvEelZGP63M+cGuquuRLuIKKT1osnkXjxev9B7d1nXSug5vpunx+gNlbVxMlC9A==}

  '@types/phoenix@1.6.6':
    resolution: {integrity: sha512-PIzZZlEppgrpoT2QgbnDU+MMzuR6BbCjllj0bM70lWoejMeNJAxCchxnv7J3XFkI8MpygtRpzXrIlmWUBclP5A==}

  '@types/react-reconciler@0.28.9':
    resolution: {integrity: sha512-HHM3nxyUZ3zAylX8ZEyrDNd2XZOnQ0D5XfunJF5FLQnZbHHYq4UWvW1QfelQNXv1ICNkwYhfxjwfnqivYB6bFg==}
    peerDependencies:
      '@types/react': '*'

  '@types/react-reconciler@0.32.2':
    resolution: {integrity: sha512-gjcm6O0aUknhYaogEl8t5pecPfiOTD8VQkbjOhgbZas/E6qGY+veW9iuJU/7p4Y1E0EuQ0mArga7VEOUWSlVRA==}
    peerDependencies:
      '@types/react': '*'

  '@types/react@19.2.2':
    resolution: {integrity: sha512-6mDvHUFSjyT2B2yeNx2nUgMxh9LtOWvkhIU3uePn2I2oyNymUAX1NIsdgviM4CH+JSrp2D2hsMvJOkxY+0wNRA==}

  '@types/stats.js@0.17.4':
    resolution: {integrity: sha512-jIBvWWShCvlBqBNIZt0KAshWpvSjhkwkEu4ZUcASoAvhmrgAUI2t1dXrjSL4xXVLB4FznPrIsX3nKXFl/Dt4vA==}

  '@types/stylis@4.2.5':
    resolution: {integrity: sha512-1Xve+NMN7FWjY14vLoY5tL3BVEQ/n42YLwaqJIPYhotZ9uBHt87VceMwWQpzmdEt2TNXIorIFG+YeCUUW7RInw==}

  '@types/three@0.180.0':
    resolution: {integrity: sha512-ykFtgCqNnY0IPvDro7h+9ZeLY+qjgUWv+qEvUt84grhenO60Hqd4hScHE7VTB9nOQ/3QM8lkbNE+4vKjEpUxKg==}

  '@types/webxr@0.5.24':
    resolution: {integrity: sha512-h8fgEd/DpoS9CBrjEQXR+dIDraopAEfu4wYVNY2tEPwk60stPWhvZMf4Foo5FakuQ7HFZoa8WceaWFervK2Ovg==}

  '@types/ws@8.18.1':
    resolution: {integrity: sha512-ThVF6DCVhA8kUGy+aazFQ4kXQ7E1Ty7A3ypFOe0IcJV8O/M511G99AW24irKrW56Wt44yG9+ij8FaqoBGkuBXg==}

  '@use-gesture/core@10.3.1':
    resolution: {integrity: sha512-WcINiDt8WjqBdUXye25anHiNxPc0VOrlT8F6LLkU6cycrOGUDyY/yyFmsg3k8i5OLvv25llc0QC45GhR/C8llw==}

  '@use-gesture/react@10.3.1':
    resolution: {integrity: sha512-Yy19y6O2GJq8f7CHf7L0nxL8bf4PZCPaVOCgJrusOeFHY1LvHgYXnmnXg6N5iwAnbgbZCDjo60SiM6IPJi9C5g==}
    peerDependencies:
      react: '>= 16.8.0'

  '@webgpu/types@0.1.66':
    resolution: {integrity: sha512-YA2hLrwLpDsRueNDXIMqN9NTzD6bCDkuXbOSe0heS+f8YE8usA6Gbv1prj81pzVHrbaAma7zObnIC+I6/sXJgA==}

  base64-js@1.5.1:
    resolution: {integrity: sha512-AKpaYlHn8t4SVbOHCy+b5+KKgvR4vrsD8vbvrbiQJps7fKDTkjkDry6ji0rUJjC0kzbNePLwzxq8iypo41qeWA==}

  bidi-js@1.0.3:
    resolution: {integrity: sha512-RKshQI1R3YQ+n9YJz2QQ147P66ELpa1FQEg20Dk8oW9t2KgLbpDLLp9aGZ7y8WHSshDknG0bknqGw5/tyCs5tw==}

  buffer@6.0.3:
    resolution: {integrity: sha512-FTiCpNxtwiZZHEZbcbTIcZjERVICn9yq/pDFkTl95/AxzD1naBctN7YO68riM/gLSDY7sdrMby8hofADYuuqOA==}

  camelize@1.0.1:
    resolution: {integrity: sha512-dU+Tx2fsypxTgtLoE36npi3UqcjSSMNYfkqgmoEhtZrraP5VWq0K7FkWVTYa8eMPtnU/G2txVsfdCJTn9uzpuQ==}

  camera-controls@3.1.1:
    resolution: {integrity: sha512-zC3DcoQPJ0CbTZ8WHthzi8nMvVF71cppOTBcH4cMLreMkU3y3fzBPViGvz1BefWPo9+kv9BP41tvIsabsXTz+Q==}
    engines: {node: '>=24.4.0', npm: '>=11.4.2'}
    peerDependencies:
      three: '>=0.126.1'

  case-anything@2.1.13:
    resolution: {integrity: sha512-zlOQ80VrQ2Ue+ymH5OuM/DlDq64mEm+B9UTdHULv5osUMD6HalNTblf2b1u/m6QecjsnOkBpqVZ+XPwIVsy7Ng==}
    engines: {node: '>=12.13'}

  cross-env@7.0.3:
    resolution: {integrity: sha512-+/HKd6EgcQCJGh2PSjZuUitQBQynKor4wrFbRg4DtAgS1aWO+gU52xpH7M9ScGgXSYmAVS9bIJ8EzuaGw0oNAw==}
    engines: {node: '>=10.14', npm: '>=6', yarn: '>=1'}
    hasBin: true

  cross-spawn@7.0.6:
    resolution: {integrity: sha512-uV2QOWP2nWzsy2aMp8aRibhi9dlzF5Hgh5SHaB9OiTGEyDTiJJyx0uy51QXdyWbtAHNua4XJzUKca3OzKUd3vA==}
    engines: {node: '>= 8'}

  css-color-keywords@1.0.0:
    resolution: {integrity: sha512-FyyrDHZKEjXDpNJYvVsV960FiqQyXc/LlYmsxl2BcdMb2WPx0OGRVgTg55rPSyLSNMqP52R9r8geSp7apN3Ofg==}
    engines: {node: '>=4'}

  css-to-react-native@3.2.0:
    resolution: {integrity: sha512-e8RKaLXMOFii+02mOlqwjbD00KSEKqblnpO9e++1aXS1fPQOpS1YoqdVHBqPjHNoxeF2mimzVqawm2KCbEdtHQ==}

  csstype@3.1.3:
    resolution: {integrity: sha512-M1uQkMl8rQK/szD0LNhtqxIPLpimGm8sOBwU7lLnCpSbTyY3yeU1Vc7l4KT5zT4s/yOxHH5O7tIuuLOCnLADRw==}

  detect-gpu@5.0.70:
    resolution: {integrity: sha512-bqerEP1Ese6nt3rFkwPnGbsUF9a4q+gMmpTVVOEzoCyeCc+y7/RvJnQZJx1JwhgQI5Ntg0Kgat8Uu7XpBqnz1w==}

  detect-libc@1.0.3:
    resolution: {integrity: sha512-pGjwhsmsp4kL2RTz08wcOlGN83otlqHeD/Z5T8GXZB+/YcpQ/dgo+lbU8ZsGxV0HIvqqxo9l7mqYwyYMD9bKDg==}
    engines: {node: '>=0.10'}
    hasBin: true

  detect-libc@2.1.2:
    resolution: {integrity: sha512-Btj2BOOO83o3WyH59e8MgXsxEQVcarkUOpEYrubB0urwnN10yQ364rsiByU11nZlqWYZm05i/of7io4mzihBtQ==}
    engines: {node: '>=8'}

  dprint-node@1.0.8:
    resolution: {integrity: sha512-iVKnUtYfGrYcW1ZAlfR/F59cUVL8QIhWoBJoSjkkdua/dkWIgjZfiLMeTjiB06X0ZLkQ0M2C1VbUj/CxkIf1zg==}

  draco3d@1.5.7:
    resolution: {integrity: sha512-m6WCKt/erDXcw+70IJXnG7M3awwQPAsZvJGX5zY7beBqpELw6RDGkYVU0W43AFxye4pDZ5i2Lbyc/NNGqwjUVQ==}

  effect@3.18.4:
    resolution: {integrity: sha512-b1LXQJLe9D11wfnOKAk3PKxuqYshQ0Heez+y5pnkd3jLj1yx9QhM72zZ9uUrOQyNvrs2GZZd/3maL0ZV18YuDA==}

  fast-check@3.23.2:
    resolution: {integrity: sha512-h5+1OzzfCC3Ef7VbtKdcv7zsstUQwUDlYpUTvjeUsJAssPgLn7QzbboPtL5ro04Mq0rPOsMzl7q5hIbRs2wD1A==}
    engines: {node: '>=8.0.0'}

  fflate@0.6.10:
    resolution: {integrity: sha512-IQrh3lEPM93wVCEczc9SaAOvkmcoQn/G8Bo1e8ZPlY3X3bnAxWaBdvTdvM1hP62iZp0BXWDy4vTAy4fF0+Dlpg==}

  fflate@0.8.2:
    resolution: {integrity: sha512-cPJU47OaAoCbg0pBvzsgpTPhmhqI5eJjh/JIu8tPj5q+T7iLvW/JAYUqmE7KOB4R1ZyEhzBaIQpQpardBF5z8A==}

  find-my-way-ts@0.1.6:
    resolution: {integrity: sha512-a85L9ZoXtNAey3Y6Z+eBWW658kO/MwR7zIafkIUPUMf3isZG0NCs2pjW2wtjxAKuJPxMAsHUIP4ZPGv0o5gyTA==}

  gl-matrix@3.4.4:
    resolution: {integrity: sha512-latSnyDNt/8zYUB6VIJ6PCh2jBjJX6gnDsoCZ7LyW7GkqrD51EWwa9qCoGixj8YqBtETQK/xY7OmpTF8xz1DdQ==}

  glsl-noise@0.0.0:
    resolution: {integrity: sha512-b/ZCF6amfAUb7dJM/MxRs7AetQEahYzJ8PtgfrmEdtw6uyGOr+ZSGtgjFm6mfsBkxJ4d2W7kg+Nlqzqvn3Bc0w==}

  hls.js@1.6.13:
    resolution: {integrity: sha512-hNEzjZNHf5bFrUNvdS4/1RjIanuJ6szpWNfTaX5I6WfGynWXGT7K/YQLYtemSvFExzeMdgdE4SsyVLJbd5PcZA==}

  ieee754@1.2.1:
    resolution: {integrity: sha512-dcyqhDvX1C46lXZcVqCpK+FtMRQVdIMN6/Df5js2zouUsqG7I6sFxitIC+7KYK29KdXOLHdu9zL4sFnoVQnqaA==}

  immediate@3.0.6:
    resolution: {integrity: sha512-XXOFtyqDjNDAQxVfYxuF7g9Il/IbWmmlQg2MYKOH8ExIT1qg6xc4zyS3HaEEATgs1btfzxq15ciUiY7gjSXRGQ==}

  is-promise@2.2.2:
    resolution: {integrity: sha512-+lP4/6lKUBfQjZ2pdxThZvLUAafmZb8OAxFb8XXtiQmS35INgr85hdOGoEs124ez1FCnZJt6jau/T+alh58QFQ==}

  isexe@2.0.0:
    resolution: {integrity: sha512-RHxMLp9lnKHGHRng9QFhRCMbYAcVpn69smSGcq3f36xjgVVWThj4qqLbTLlq7Ssj8B+fIQ1EuCEGI2lKsyQeIw==}

  its-fine@2.0.0:
    resolution: {integrity: sha512-KLViCmWx94zOvpLwSlsx6yOCeMhZYaxrJV87Po5k/FoZzcPSahvK5qJ7fYhS61sZi5ikmh2S3Hz55A2l3U69ng==}
    peerDependencies:
      react: ^19.0.0

  iwer@2.1.1:
    resolution: {integrity: sha512-3VuQhekh/3BMRlaS7FFjcTNjKOwURAgL7mu0HndU72mFNyRyHRpGfhXGZ1iJkjfq/vEw0v1b7fx8k1knGSQ5gQ==}

  js-tokens@4.0.0:
    resolution: {integrity: sha512-RdJUflcE3cUzKiMqQgsCu06FPu9UdIJO0beYbPhHN4k6apgJtifcoCtT9bcxOpYBtpD2kCM6Sbzg4CausW/PKQ==}

  lie@3.3.0:
    resolution: {integrity: sha512-UaiMJzeWRlEujzAuw5LokY1L5ecNQYZKfmyZ9L7wDHb/p5etKaxXhohBcrw0EYby+G/NA52vRSN4N39dxHAIwQ==}

  loose-envify@1.4.0:
    resolution: {integrity: sha512-lyuxPGr/Wfhrlem2CL/UcnUc1zcqKAImBDzukY7Y5F/yQiNdko6+fRLevlw1HgMySw7f611UIY408EtxRSoK3Q==}
    hasBin: true

  maath@0.10.8:
    resolution: {integrity: sha512-tRvbDF0Pgqz+9XUa4jjfgAQ8/aPKmQdWXilFu2tMy4GWj4NOsx99HlULO4IeREfbO3a0sA145DZYyvXPkybm0g==}
    peerDependencies:
      '@types/three': '>=0.134.0'
      three: '>=0.134.0'

  meshline@3.3.1:
    resolution: {integrity: sha512-/TQj+JdZkeSUOl5Mk2J7eLcYTLiQm2IDzmlSvYm7ov15anEcDJ92GHqqazxTSreeNgfnYu24kiEvvv0WlbCdFQ==}
    peerDependencies:
      three: '>=0.137'

  meshoptimizer@0.22.0:
    resolution: {integrity: sha512-IebiK79sqIy+E4EgOr+CAw+Ke8hAspXKzBd0JdgEmPHiAwmvEj2S4h1rfvo+o/BnfEYd/jAOg5IeeIjzlzSnDg==}

  msgpackr-extract@3.0.3:
    resolution: {integrity: sha512-P0efT1C9jIdVRefqjzOQ9Xml57zpOXnIuS+csaB4MdZbTdmGDLo8XhzBG1N7aO11gKDDkJvBLULeFTo46wwreA==}
    hasBin: true

  msgpackr@1.11.5:
    resolution: {integrity: sha512-UjkUHN0yqp9RWKy0Lplhh+wlpdt9oQBYgULZOiFhV3VclSF1JnSQWZ5r9gORQlNYaUKQoR8itv7g7z1xDDuACA==}

  multipasta@0.2.7:
    resolution: {integrity: sha512-KPA58d68KgGil15oDqXjkUBEBYc00XvbPj5/X+dyzeo/lWm9Nc25pQRlf1D+gv4OpK7NM0J1odrbu9JNNGvynA==}

  nanoid@3.3.11:
    resolution: {integrity: sha512-N8SpfPUnUp1bK+PMYW8qSWdl9U+wwNWI4QKxOYDy9JAro3WMX7p2OeVRF9v+347pnakNevPmiHhNmZ2HbFA76w==}
    engines: {node: ^10 || ^12 || ^13.7 || ^14 || >=15.0.1}
    hasBin: true

  node-gyp-build-optional-packages@5.2.2:
    resolution: {integrity: sha512-s+w+rBWnpTMwSFbaE0UXsRlg7hU4FjekKU4eyAih5T8nJuNZT1nNsskXpxmeqSK9UzkBl6UgRlnKc8hz8IEqOw==}
    hasBin: true

  object-assign@4.1.1:
    resolution: {integrity: sha512-rJgTQnkUnH1sFw8yT6VSU3zD3sWmu6sZhIseY8VX+GRu3P6F7Fu+JNDoXfklElbLJSnc3FUQHVe4cU5hj+BcUg==}
    engines: {node: '>=0.10.0'}

  path-key@3.1.1:
    resolution: {integrity: sha512-ojmeN0qd+y0jszEtoY48r0Peq5dwMEkIlCOu6Q5f41lfkswXuKtYrhgoTpLnyIcHm24Uhqx+5Tqm2InSwLhE6Q==}
    engines: {node: '>=8'}

  picocolors@1.1.1:
    resolution: {integrity: sha512-xceH2snhtb5M9liqDsmEw56le376mTZkEX/jEb/RxNFyegNul7eNslCXP9FDj/Lcu0X8KEyMceP2ntpaHrDEVA==}

  postcss-value-parser@4.2.0:
    resolution: {integrity: sha512-1NNCs6uurfkVbeXG4S8JFT9t19m45ICnif8zWLd5oPSZ50QnwMfK+H3jv408d4jw/7Bttv5axS5IiHoLaVNHeQ==}

  postcss@8.4.49:
    resolution: {integrity: sha512-OCVPnIObs4N29kxTjzLfUryOkvZEq+pf8jTF0lg8E7uETuWHA+v7j3c/xJmiqpX450191LlmZfUKkXxkTry7nA==}
    engines: {node: ^10 || ^12 || >=14}

  potpack@1.0.2:
    resolution: {integrity: sha512-choctRBIV9EMT9WGAZHn3V7t0Z2pMQyl0EZE6pFc/6ml3ssw7Dlf/oAOvFwjm1HVsqfQN8GfeFyJ+d8tRzqueQ==}

  promise-worker-transferable@1.0.4:
    resolution: {integrity: sha512-bN+0ehEnrXfxV2ZQvU2PetO0n4gqBD4ulq3MI1WOPLgr7/Mg9yRQkX5+0v1vagr74ZTsl7XtzlaYDo2EuCeYJw==}

  prop-types@15.8.1:
    resolution: {integrity: sha512-oj87CgZICdulUohogVAR7AjlC0327U4el4L6eAvOqCeudMDVU0NThNaV+b9Df4dXgSP1gXMTnPdhfe/2qDH5cg==}

  pure-rand@6.1.0:
    resolution: {integrity: sha512-bVWawvoZoBYpp6yIoQtQXHZjmz35RSVHnUOTefl8Vcjr8snTPY1wnpSPMWekcFwbxI6gtmT7rSYPFvz71ldiOA==}

  react-dom@19.2.0:
    resolution: {integrity: sha512-UlbRu4cAiGaIewkPyiRGJk0imDN2T3JjieT6spoL2UeSf5od4n5LB/mQ4ejmxhCFT1tYe8IvaFulzynWovsEFQ==}
    peerDependencies:
      react: ^19.2.0

  react-is@16.13.1:
    resolution: {integrity: sha512-24e6ynE2H+OKt4kqsOvNd8kBpV65zoxbA4BVsEOB3ARVWQki/DHzaUoC5KuON/BiccDaCCTZBuOcfZs70kR8bQ==}

  react-reconciler@0.31.0:
    resolution: {integrity: sha512-7Ob7Z+URmesIsIVRjnLoDGwBEG/tVitidU0nMsqX/eeJaLY89RISO/10ERe0MqmzuKUUB1rmY+h1itMbUHg9BQ==}
    engines: {node: '>=0.10.0'}
    peerDependencies:
      react: ^19.0.0

  react-use-measure@2.1.7:
    resolution: {integrity: sha512-KrvcAo13I/60HpwGO5jpW7E9DfusKyLPLvuHlUyP5zqnmAPhNc6qTRjUQrdTADl0lpPpDVU2/Gg51UlOGHXbdg==}
    peerDependencies:
      react: '>=16.13'
      react-dom: '>=16.13'
    peerDependenciesMeta:
      react-dom:
        optional: true

  react@19.2.0:
    resolution: {integrity: sha512-tmbWg6W31tQLeB5cdIBOicJDJRR2KzXsV7uSK9iNfLWQ5bIZfxuPEHp7M8wiHyHnn0DD1i7w3Zmin0FtkrwoCQ==}
    engines: {node: '>=0.10.0'}

  require-from-string@2.0.2:
    resolution: {integrity: sha512-Xf0nWe6RseziFMu+Ap9biiUbmplq6S9/p+7w7YXP/JBHhrUDDUhwa+vANyubuqfZWTveU//DYVGsDG7RKL/vEw==}
    engines: {node: '>=0.10.0'}

  scheduler@0.25.0:
    resolution: {integrity: sha512-xFVuu11jh+xcO7JOAGJNOXld8/TcEHK/4CituBUeUb5hqxJLj9YuemAEuvm9gQ/+pgXYfbQuqAkiYu+u7YEsNA==}

  scheduler@0.27.0:
    resolution: {integrity: sha512-eNv+WrVbKu1f3vbYJT/xtiF5syA5HPIMtf9IgY/nKg0sWqzAUEvqY/xm7OcZc/qafLx/iO9FgOmeSAp4v5ti/Q==}

  shallowequal@1.1.0:
    resolution: {integrity: sha512-y0m1JoUZSlPAjXVtPPW70aZWfIL/dSP7AFkRnniLCrK/8MDKog3TySTBmckD+RObVxH0v4Tox67+F14PdED2oQ==}

  shebang-command@2.0.0:
    resolution: {integrity: sha512-kHxr2zZpYtdmrN1qDjrrX/Z1rR1kG8Dx+gkpK1G4eXmvXswmcE1hTWBWYUzlraYw1/yZp6YuDY77YtvbN0dmDA==}
    engines: {node: '>=8'}

  shebang-regex@3.0.0:
    resolution: {integrity: sha512-7++dFhtcx3353uBaq8DDR4NuxBetBzC7ZQOhmTQInHEd6bSrXdiEyzCvG07Z44UYdLShWUyXt5M/yhz8ekcb1A==}
    engines: {node: '>=8'}

  source-map-js@1.2.1:
    resolution: {integrity: sha512-UXWMKhLOwVKb728IUtQPXxfYU+usdybtUrK/8uGE8CQMvrhOpwvzDBwj0QhSL7MQc7vIsISBG8VQ8+IDQxpfQA==}
    engines: {node: '>=0.10.0'}

  stats-gl@2.4.2:
    resolution: {integrity: sha512-g5O9B0hm9CvnM36+v7SFl39T7hmAlv541tU81ME8YeSb3i1CIP5/QdDeSB3A0la0bKNHpxpwxOVRo2wFTYEosQ==}
    peerDependencies:
      '@types/three': '*'
      three: '*'

  stats.js@0.17.0:
    resolution: {integrity: sha512-hNKz8phvYLPEcRkeG1rsGmV5ChMjKDAWU7/OJJdDErPBNChQXxCo3WZurGpnWc6gZhAzEPFad1aVgyOANH1sMw==}

  styled-components@6.1.19:
    resolution: {integrity: sha512-1v/e3Dl1BknC37cXMhwGomhO8AkYmN41CqyX9xhUDxry1ns3BFQy2lLDRQXJRdVVWB9OHemv/53xaStimvWyuA==}
    engines: {node: '>= 16'}
    peerDependencies:
      react: '>= 16.8.0'
      react-dom: '>= 16.8.0'

  stylis@4.3.2:
    resolution: {integrity: sha512-bhtUjWd/z6ltJiQwg0dUfxEJ+W+jdqQd8TbWLWyeIJHlnsqmGLRFFd8e5mA0AZi/zx90smXRlN66YMTcaSFifg==}

  suspend-react@0.1.3:
    resolution: {integrity: sha512-aqldKgX9aZqpoDp3e8/BZ8Dm7x1pJl+qI3ZKxDN0i/IQTWUwBx/ManmlVJ3wowqbno6c2bmiIfs+Um6LbsjJyQ==}
    peerDependencies:
      react: '>=17.0'

  three-mesh-bvh@0.8.3:
    resolution: {integrity: sha512-4G5lBaF+g2auKX3P0yqx+MJC6oVt6sB5k+CchS6Ob0qvH0YIhuUk1eYr7ktsIpY+albCqE80/FVQGV190PmiAg==}
    peerDependencies:
      three: '>= 0.159.0'

  three-stdlib@2.36.0:
    resolution: {integrity: sha512-kv0Byb++AXztEGsULgMAs8U2jgUdz6HPpAB/wDJnLiLlaWQX2APHhiTJIN7rqW+Of0eRgcp7jn05U1BsCP3xBA==}
    peerDependencies:
      three: '>=0.128.0'

  three@0.165.0:
    resolution: {integrity: sha512-cc96IlVYGydeceu0e5xq70H8/yoVT/tXBxV/W8A/U6uOq7DXc4/s1Mkmnu6SqoYGhSRWWYFOhVwvq6V0VtbplA==}

  three@0.180.0:
    resolution: {integrity: sha512-o+qycAMZrh+TsE01GqWUxUIKR1AL0S8pq7zDkYOQw8GqfX8b8VoCKYUoHbhiX5j+7hr8XsuHDVU6+gkQJQKg9w==}

  tr46@0.0.3:
    resolution: {integrity: sha512-N3WMsuqV66lT30CrXNbEjx4GEwlow3v6rr4mCcv6prnfwhS01rkgyFdjPNBYd9br7LpXV1+Emh01fHnq2Gdgrw==}

  troika-three-text@0.52.4:
    resolution: {integrity: sha512-V50EwcYGruV5rUZ9F4aNsrytGdKcXKALjEtQXIOBfhVoZU9VAqZNIoGQ3TMiooVqFAbR1w15T+f+8gkzoFzawg==}
    peerDependencies:
      three: '>=0.125.0'

  troika-three-utils@0.52.4:
    resolution: {integrity: sha512-NORAStSVa/BDiG52Mfudk4j1FG4jC4ILutB3foPnfGbOeIs9+G5vZLa0pnmnaftZUGm4UwSoqEpWdqvC7zms3A==}
    peerDependencies:
      three: '>=0.125.0'

  troika-worker-utils@0.52.0:
    resolution: {integrity: sha512-W1CpvTHykaPH5brv5VHLfQo9D1OYuo0cSBEUQFFT/nBUzM8iD6Lq2/tgG/f1OelbAS1WtaTPQzE5uM49egnngw==}

  ts-poet@6.12.0:
    resolution: {integrity: sha512-xo+iRNMWqyvXpFTaOAvLPA5QAWO6TZrSUs5s4Odaya3epqofBu/fMLHEWl8jPmjhA0s9sgj9sNvF1BmaQlmQkA==}

  ts-proto-descriptors@2.0.0:
    resolution: {integrity: sha512-wHcTH3xIv11jxgkX5OyCSFfw27agpInAd6yh89hKG6zqIXnjW9SYqSER2CVQxdPj4czeOhGagNvZBEbJPy7qkw==}

  ts-proto@2.8.3:
    resolution: {integrity: sha512-TdXInqG+61pj/TvORqITWjvjTTsL1EZxwX49iEj89+xFAcqPT8tjChpAGQXzfcF4MJwvNiuoCEbBOKqVf3ds3g==}
    hasBin: true

  tslib@2.6.2:
    resolution: {integrity: sha512-AEYxH93jGFPn/a2iVAwW87VuUIkR1FVUKB77NwMF7nBTDkDrrT/Hpt/IrCJ0QXhW27jTBDcf5ZY7w6RiqTMw2Q==}

  tslib@2.8.1:
    resolution: {integrity: sha512-oJFu94HQb+KVduSUQL7wnpmqnfmLsOA/nAh6b6EH0wCEoK0/mPeXU6c3wKDV83MkOuHPRHtSXKKU99IBazS/2w==}

  tunnel-rat@0.1.2:
    resolution: {integrity: sha512-lR5VHmkPhzdhrM092lI2nACsLO4QubF0/yoOhzX7c+wIpbN1GjHNzCc91QlpxBi+cnx8vVJ+Ur6vL5cEoQPFpQ==}

  undici-types@7.16.0:
    resolution: {integrity: sha512-Zz+aZWSj8LE6zoxD+xrjh4VfkIG8Ya6LvYkZqtUQGJPZjYl53ypCaUwWqo7eI0x66KBGeRo+mlBEkMSeSZ38Nw==}

  use-sync-external-store@1.6.0:
    resolution: {integrity: sha512-Pp6GSwGP/NrPIrxVFAIkOQeyw8lFenOHijQWkUTrDvrF4ALqylP2C/KCkeS9dpUM3KvYRQhna5vt7IL95+ZQ9w==}
    peerDependencies:
      react: ^16.8.0 || ^17.0.0 || ^18.0.0 || ^19.0.0

  utility-types@3.11.0:
    resolution: {integrity: sha512-6Z7Ma2aVEWisaL6TvBCy7P8rm2LQoPv6dJ7ecIaIixHcwfbJ0x7mWdbcwlIM5IGQxPZSFYeqRCqlOOeKoJYMkw==}
    engines: {node: '>= 4'}

  uuid@11.1.0:
    resolution: {integrity: sha512-0/A9rDy9P7cJ+8w1c9WD9V//9Wj15Ce2MPz8Ri6032usz+NfePxx5AcN3bN+r6ZL6jEo066/yNYB3tn4pQEx+A==}
    hasBin: true

  webgl-constants@1.1.1:
    resolution: {integrity: sha512-LkBXKjU5r9vAW7Gcu3T5u+5cvSvh5WwINdr0C+9jpzVB41cjQAP5ePArDtk/WHYdVj0GefCgM73BA7FlIiNtdg==}

  webgl-sdf-generator@1.1.1:
    resolution: {integrity: sha512-9Z0JcMTFxeE+b2x1LJTdnaT8rT8aEp7MVxkNwoycNmJWwPdzoXzMh0BjJSh/AEFP+KPYZUli814h8bJZFIZ2jA==}

  webidl-conversions@3.0.1:
    resolution: {integrity: sha512-2JAn3z8AR6rjK8Sm8orRC0h/bcl/DqL7tRPdGZ4I1CjdF+EaMLmYxBHyXuKL849eucPFhvBoxMsflfOb8kxaeQ==}

  webxr-layers-polyfill@1.1.0:
    resolution: {integrity: sha512-GqWE6IFlut8a1Lnh9t1RPnOXud1rZ7wLPvWp7mqTDOYtgorXqlNMhEnI9EqjU33grBx0v3jm0Oc13opkAdmgMQ==}

  whatwg-url@5.0.0:
    resolution: {integrity: sha512-saE57nupxk6v3HY35+jzBwYa0rKSy0XR8JSxZPwgLr7ys0IBzhGviA1/TUGJLmSVqs8pb9AnvICXEuOHLprYTw==}

  which@2.0.2:
    resolution: {integrity: sha512-BLI3Tl1TW3Pvl70l3yq3Y64i+awpwXqsGBYWkkqMtnbXgrMD+yj7rhW0kuEDxzJaYXGjEW5ogapKNMEKNMjibA==}
    engines: {node: '>= 8'}
    hasBin: true

  ws@8.18.3:
    resolution: {integrity: sha512-PEIGCY5tSlUt50cqyMXfCzX+oOPqN0vuGqWzbcJ2xvnkzkq46oOpz7dQaTDBdfICb4N14+GARUDw2XV2N4tvzg==}
    engines: {node: '>=10.0.0'}
    peerDependencies:
      bufferutil: ^4.0.1
      utf-8-validate: '>=5.0.2'
    peerDependenciesMeta:
      bufferutil:
        optional: true
      utf-8-validate:
        optional: true

  zustand@4.5.7:
    resolution: {integrity: sha512-CHOUy7mu3lbD6o6LJLfllpjkzhHXSBlX8B9+qPddUsIfeF5S/UZ5q0kmCsnRqT1UHFQZchNFDDzMbQsuesHWlw==}
    engines: {node: '>=12.7.0'}
    peerDependencies:
      '@types/react': '>=16.8'
      immer: '>=9.0.6'
      react: '>=16.8'
    peerDependenciesMeta:
      '@types/react':
        optional: true
      immer:
        optional: true
      react:
        optional: true

  zustand@5.0.8:
    resolution: {integrity: sha512-gyPKpIaxY9XcO2vSMrLbiER7QMAMGOQZVRdJ6Zi782jkbzZygq5GI9nG8g+sMgitRtndwaBSl7uiqC49o1SSiw==}
    engines: {node: '>=12.20.0'}
    peerDependencies:
      '@types/react': '>=18.0.0'
      immer: '>=9.0.6'
      react: '>=18.0.0'
      use-sync-external-store: '>=1.2.0'
    peerDependenciesMeta:
      '@types/react':
        optional: true
      immer:
        optional: true
      react:
        optional: true
      use-sync-external-store:
        optional: true

snapshots:

  '@babel/runtime@7.28.4': {}

  '@bufbuild/protobuf@2.10.0': {}

  '@dimforge/rapier3d-compat@0.12.0': {}

  '@effect-atom/atom-react@0.3.4(@effect/experimental@0.56.0(@effect/platform@0.92.1(effect@3.18.4))(effect@3.18.4))(@effect/platform@0.92.1(effect@3.18.4))(@effect/rpc@0.71.1(@effect/platform@0.92.1(effect@3.18.4))(effect@3.18.4))(effect@3.18.4)(react@19.2.0)(scheduler@0.27.0)':
    dependencies:
      '@effect-atom/atom': 0.3.4(@effect/experimental@0.56.0(@effect/platform@0.92.1(effect@3.18.4))(effect@3.18.4))(@effect/platform@0.92.1(effect@3.18.4))(@effect/rpc@0.71.1(@effect/platform@0.92.1(effect@3.18.4))(effect@3.18.4))(effect@3.18.4)
      effect: 3.18.4
      react: 19.2.0
      scheduler: 0.27.0
    transitivePeerDependencies:
      - '@effect/experimental'
      - '@effect/platform'
      - '@effect/rpc'

  '@effect-atom/atom@0.3.4(@effect/experimental@0.56.0(@effect/platform@0.92.1(effect@3.18.4))(effect@3.18.4))(@effect/platform@0.92.1(effect@3.18.4))(@effect/rpc@0.71.1(@effect/platform@0.92.1(effect@3.18.4))(effect@3.18.4))(effect@3.18.4)':
    dependencies:
      '@effect/experimental': 0.56.0(@effect/platform@0.92.1(effect@3.18.4))(effect@3.18.4)
      '@effect/platform': 0.92.1(effect@3.18.4)
      '@effect/rpc': 0.71.1(@effect/platform@0.92.1(effect@3.18.4))(effect@3.18.4)
      effect: 3.18.4

  '@effect/experimental@0.56.0(@effect/platform@0.92.1(effect@3.18.4))(effect@3.18.4)':
    dependencies:
      '@effect/platform': 0.92.1(effect@3.18.4)
      effect: 3.18.4
      uuid: 11.1.0

  '@effect/platform@0.92.1(effect@3.18.4)':
    dependencies:
      effect: 3.18.4
      find-my-way-ts: 0.1.6
      msgpackr: 1.11.5
      multipasta: 0.2.7

  '@effect/rpc@0.71.1(@effect/platform@0.92.1(effect@3.18.4))(effect@3.18.4)':
    dependencies:
      '@effect/platform': 0.92.1(effect@3.18.4)
      effect: 3.18.4
      msgpackr: 1.11.5

  '@emotion/is-prop-valid@1.2.2':
    dependencies:
      '@emotion/memoize': 0.8.1

  '@emotion/memoize@0.8.1': {}

  '@emotion/unitless@0.8.1': {}

  '@fortawesome/fontawesome-common-types@6.6.0': {}

  '@fortawesome/fontawesome-svg-core@6.6.0':
    dependencies:
      '@fortawesome/fontawesome-common-types': 6.6.0

  '@fortawesome/free-solid-svg-icons@6.6.0':
    dependencies:
      '@fortawesome/fontawesome-common-types': 6.6.0

  '@fortawesome/react-fontawesome@0.2.2(@fortawesome/fontawesome-svg-core@6.6.0)(react@19.2.0)':
    dependencies:
      '@fortawesome/fontawesome-svg-core': 6.6.0
      prop-types: 15.8.1
      react: 19.2.0

  '@iwer/devui@1.1.2(@types/react@19.2.2)(iwer@2.1.1)':
    dependencies:
      '@fortawesome/fontawesome-svg-core': 6.6.0
      '@fortawesome/free-solid-svg-icons': 6.6.0
      '@fortawesome/react-fontawesome': 0.2.2(@fortawesome/fontawesome-svg-core@6.6.0)(react@19.2.0)
      '@pmndrs/handle': 6.6.27(@types/react@19.2.2)(react@19.2.0)
      '@pmndrs/pointer-events': 6.6.27
      iwer: 2.1.1
      react: 19.2.0
      react-dom: 19.2.0(react@19.2.0)
      styled-components: 6.1.19(react-dom@19.2.0(react@19.2.0))(react@19.2.0)
      three: 0.165.0
    transitivePeerDependencies:
      - '@types/react'
      - immer

  '@iwer/sem@0.2.5(iwer@2.1.1)':
    dependencies:
      iwer: 2.1.1
      three: 0.165.0
      ts-proto: 2.8.3

  '@mediapipe/tasks-vision@0.10.17': {}

  '@monogrid/gainmap-js@3.1.0(three@0.180.0)':
    dependencies:
      promise-worker-transferable: 1.0.4
      three: 0.180.0

  '@msgpackr-extract/msgpackr-extract-darwin-arm64@3.0.3':
    optional: true

  '@msgpackr-extract/msgpackr-extract-darwin-x64@3.0.3':
    optional: true

  '@msgpackr-extract/msgpackr-extract-linux-arm64@3.0.3':
    optional: true

  '@msgpackr-extract/msgpackr-extract-linux-arm@3.0.3':
    optional: true

  '@msgpackr-extract/msgpackr-extract-linux-x64@3.0.3':
    optional: true

  '@msgpackr-extract/msgpackr-extract-win32-x64@3.0.3':
    optional: true

  '@pmndrs/handle@6.6.27(@types/react@19.2.2)(react@19.2.0)':
    dependencies:
      '@pmndrs/pointer-events': 6.6.27
      zustand: 4.5.7(@types/react@19.2.2)(react@19.2.0)
    transitivePeerDependencies:
      - '@types/react'
      - immer
      - react

  '@pmndrs/pointer-events@6.6.27': {}

  '@pmndrs/xr@6.6.27(@types/react@19.2.2)(react@19.2.0)(three@0.180.0)':
    dependencies:
      '@iwer/devui': 1.1.2(@types/react@19.2.2)(iwer@2.1.1)
      '@iwer/sem': 0.2.5(iwer@2.1.1)
      '@pmndrs/pointer-events': 6.6.27
      iwer: 2.1.1
      meshline: 3.3.1(three@0.180.0)
      three: 0.180.0
      zustand: 4.5.7(@types/react@19.2.2)(react@19.2.0)
    transitivePeerDependencies:
      - '@types/react'
      - immer
      - react

  '@react-three/drei@10.7.6(@react-three/fiber@9.4.0(@types/react@19.2.2)(react-dom@19.2.0(react@19.2.0))(react@19.2.0)(three@0.180.0))(@types/react@19.2.2)(@types/three@0.180.0)(react-dom@19.2.0(react@19.2.0))(react@19.2.0)(three@0.180.0)':
    dependencies:
      '@babel/runtime': 7.28.4
      '@mediapipe/tasks-vision': 0.10.17
      '@monogrid/gainmap-js': 3.1.0(three@0.180.0)
      '@react-three/fiber': 9.4.0(@types/react@19.2.2)(react-dom@19.2.0(react@19.2.0))(react@19.2.0)(three@0.180.0)
      '@use-gesture/react': 10.3.1(react@19.2.0)
      camera-controls: 3.1.1(three@0.180.0)
      cross-env: 7.0.3
      detect-gpu: 5.0.70
      glsl-noise: 0.0.0
      hls.js: 1.6.13
      maath: 0.10.8(@types/three@0.180.0)(three@0.180.0)
      meshline: 3.3.1(three@0.180.0)
      react: 19.2.0
      stats-gl: 2.4.2(@types/three@0.180.0)(three@0.180.0)
      stats.js: 0.17.0
      suspend-react: 0.1.3(react@19.2.0)
      three: 0.180.0
      three-mesh-bvh: 0.8.3(three@0.180.0)
      three-stdlib: 2.36.0(three@0.180.0)
      troika-three-text: 0.52.4(three@0.180.0)
      tunnel-rat: 0.1.2(@types/react@19.2.2)(react@19.2.0)
      use-sync-external-store: 1.6.0(react@19.2.0)
      utility-types: 3.11.0
      zustand: 5.0.8(@types/react@19.2.2)(react@19.2.0)(use-sync-external-store@1.6.0(react@19.2.0))
    optionalDependencies:
      react-dom: 19.2.0(react@19.2.0)
    transitivePeerDependencies:
      - '@types/react'
      - '@types/three'
      - immer

  '@react-three/fiber@9.4.0(@types/react@19.2.2)(react-dom@19.2.0(react@19.2.0))(react@19.2.0)(three@0.180.0)':
    dependencies:
      '@babel/runtime': 7.28.4
      '@types/react-reconciler': 0.32.2(@types/react@19.2.2)
      '@types/webxr': 0.5.24
      base64-js: 1.5.1
      buffer: 6.0.3
      its-fine: 2.0.0(@types/react@19.2.2)(react@19.2.0)
      react: 19.2.0
      react-reconciler: 0.31.0(react@19.2.0)
      react-use-measure: 2.1.7(react-dom@19.2.0(react@19.2.0))(react@19.2.0)
      scheduler: 0.25.0
      suspend-react: 0.1.3(react@19.2.0)
      three: 0.180.0
      use-sync-external-store: 1.6.0(react@19.2.0)
      zustand: 5.0.8(@types/react@19.2.2)(react@19.2.0)(use-sync-external-store@1.6.0(react@19.2.0))
    optionalDependencies:
      react-dom: 19.2.0(react@19.2.0)
    transitivePeerDependencies:
      - '@types/react'
      - immer

  '@react-three/xr@6.6.27(@react-three/fiber@9.4.0(@types/react@19.2.2)(react-dom@19.2.0(react@19.2.0))(react@19.2.0)(three@0.180.0))(@types/react@19.2.2)(react-dom@19.2.0(react@19.2.0))(react@19.2.0)(three@0.180.0)':
    dependencies:
      '@pmndrs/pointer-events': 6.6.27
      '@pmndrs/xr': 6.6.27(@types/react@19.2.2)(react@19.2.0)(three@0.180.0)
      '@react-three/fiber': 9.4.0(@types/react@19.2.2)(react-dom@19.2.0(react@19.2.0))(react@19.2.0)(three@0.180.0)
      react: 19.2.0
      react-dom: 19.2.0(react@19.2.0)
      suspend-react: 0.1.3(react@19.2.0)
      three: 0.180.0
      tunnel-rat: 0.1.2(@types/react@19.2.2)(react@19.2.0)
      zustand: 4.5.7(@types/react@19.2.2)(react@19.2.0)
    transitivePeerDependencies:
      - '@types/react'
      - immer

  '@standard-schema/spec@1.0.0': {}

  '@supabase/auth-js@2.78.0':
    dependencies:
      '@supabase/node-fetch': 2.6.15
      tslib: 2.8.1

  '@supabase/functions-js@2.78.0':
    dependencies:
      '@supabase/node-fetch': 2.6.15
      tslib: 2.8.1

  '@supabase/node-fetch@2.6.15':
    dependencies:
      whatwg-url: 5.0.0

  '@supabase/postgrest-js@2.78.0':
    dependencies:
      '@supabase/node-fetch': 2.6.15
      tslib: 2.8.1

  '@supabase/realtime-js@2.78.0':
    dependencies:
      '@supabase/node-fetch': 2.6.15
      '@types/phoenix': 1.6.6
      '@types/ws': 8.18.1
      tslib: 2.8.1
      ws: 8.18.3
    transitivePeerDependencies:
      - bufferutil
      - utf-8-validate

  '@supabase/storage-js@2.78.0':
    dependencies:
      '@supabase/node-fetch': 2.6.15
      tslib: 2.8.1

  '@supabase/supabase-js@2.78.0':
    dependencies:
      '@supabase/auth-js': 2.78.0
      '@supabase/functions-js': 2.78.0
      '@supabase/node-fetch': 2.6.15
      '@supabase/postgrest-js': 2.78.0
      '@supabase/realtime-js': 2.78.0
      '@supabase/storage-js': 2.78.0
    transitivePeerDependencies:
      - bufferutil
      - utf-8-validate

  '@tweenjs/tween.js@23.1.3': {}

  '@types/draco3d@1.4.10': {}

  '@types/node@24.9.2':
    dependencies:
      undici-types: 7.16.0

  '@types/offscreencanvas@2019.7.3': {}

  '@types/phoenix@1.6.6': {}

  '@types/react-reconciler@0.28.9(@types/react@19.2.2)':
    dependencies:
      '@types/react': 19.2.2

  '@types/react-reconciler@0.32.2(@types/react@19.2.2)':
    dependencies:
      '@types/react': 19.2.2

  '@types/react@19.2.2':
    dependencies:
      csstype: 3.1.3

  '@types/stats.js@0.17.4': {}

  '@types/stylis@4.2.5': {}

  '@types/three@0.180.0':
    dependencies:
      '@dimforge/rapier3d-compat': 0.12.0
      '@tweenjs/tween.js': 23.1.3
      '@types/stats.js': 0.17.4
      '@types/webxr': 0.5.24
      '@webgpu/types': 0.1.66
      fflate: 0.8.2
      meshoptimizer: 0.22.0

  '@types/webxr@0.5.24': {}

  '@types/ws@8.18.1':
    dependencies:
      '@types/node': 24.9.2

  '@use-gesture/core@10.3.1': {}

  '@use-gesture/react@10.3.1(react@19.2.0)':
    dependencies:
      '@use-gesture/core': 10.3.1
      react: 19.2.0

  '@webgpu/types@0.1.66': {}

  base64-js@1.5.1: {}

  bidi-js@1.0.3:
    dependencies:
      require-from-string: 2.0.2

  buffer@6.0.3:
    dependencies:
      base64-js: 1.5.1
      ieee754: 1.2.1

  camelize@1.0.1: {}

  camera-controls@3.1.1(three@0.180.0):
    dependencies:
      three: 0.180.0

  case-anything@2.1.13: {}

  cross-env@7.0.3:
    dependencies:
      cross-spawn: 7.0.6

  cross-spawn@7.0.6:
    dependencies:
      path-key: 3.1.1
      shebang-command: 2.0.0
      which: 2.0.2

  css-color-keywords@1.0.0: {}

  css-to-react-native@3.2.0:
    dependencies:
      camelize: 1.0.1
      css-color-keywords: 1.0.0
      postcss-value-parser: 4.2.0

  csstype@3.1.3: {}

  detect-gpu@5.0.70:
    dependencies:
      webgl-constants: 1.1.1

  detect-libc@1.0.3: {}

  detect-libc@2.1.2:
    optional: true

  dprint-node@1.0.8:
    dependencies:
      detect-libc: 1.0.3

  draco3d@1.5.7: {}

  effect@3.18.4:
    dependencies:
      '@standard-schema/spec': 1.0.0
      fast-check: 3.23.2

  fast-check@3.23.2:
    dependencies:
      pure-rand: 6.1.0

  fflate@0.6.10: {}

  fflate@0.8.2: {}

  find-my-way-ts@0.1.6: {}

  gl-matrix@3.4.4: {}

  glsl-noise@0.0.0: {}

  hls.js@1.6.13: {}

  ieee754@1.2.1: {}

  immediate@3.0.6: {}

  is-promise@2.2.2: {}

  isexe@2.0.0: {}

  its-fine@2.0.0(@types/react@19.2.2)(react@19.2.0):
    dependencies:
      '@types/react-reconciler': 0.28.9(@types/react@19.2.2)
      react: 19.2.0
    transitivePeerDependencies:
      - '@types/react'

  iwer@2.1.1:
    dependencies:
      gl-matrix: 3.4.4
      webxr-layers-polyfill: 1.1.0

  js-tokens@4.0.0: {}

  lie@3.3.0:
    dependencies:
      immediate: 3.0.6

  loose-envify@1.4.0:
    dependencies:
      js-tokens: 4.0.0

  maath@0.10.8(@types/three@0.180.0)(three@0.180.0):
    dependencies:
      '@types/three': 0.180.0
      three: 0.180.0

  meshline@3.3.1(three@0.180.0):
    dependencies:
      three: 0.180.0

  meshoptimizer@0.22.0: {}

  msgpackr-extract@3.0.3:
    dependencies:
      node-gyp-build-optional-packages: 5.2.2
    optionalDependencies:
      '@msgpackr-extract/msgpackr-extract-darwin-arm64': 3.0.3
      '@msgpackr-extract/msgpackr-extract-darwin-x64': 3.0.3
      '@msgpackr-extract/msgpackr-extract-linux-arm': 3.0.3
      '@msgpackr-extract/msgpackr-extract-linux-arm64': 3.0.3
      '@msgpackr-extract/msgpackr-extract-linux-x64': 3.0.3
      '@msgpackr-extract/msgpackr-extract-win32-x64': 3.0.3
    optional: true

  msgpackr@1.11.5:
    optionalDependencies:
      msgpackr-extract: 3.0.3

  multipasta@0.2.7: {}

  nanoid@3.3.11: {}

  node-gyp-build-optional-packages@5.2.2:
    dependencies:
      detect-libc: 2.1.2
    optional: true

  object-assign@4.1.1: {}

  path-key@3.1.1: {}

  picocolors@1.1.1: {}

  postcss-value-parser@4.2.0: {}

  postcss@8.4.49:
    dependencies:
      nanoid: 3.3.11
      picocolors: 1.1.1
      source-map-js: 1.2.1

  potpack@1.0.2: {}

  promise-worker-transferable@1.0.4:
    dependencies:
      is-promise: 2.2.2
      lie: 3.3.0

  prop-types@15.8.1:
    dependencies:
      loose-envify: 1.4.0
      object-assign: 4.1.1
      react-is: 16.13.1

  pure-rand@6.1.0: {}

  react-dom@19.2.0(react@19.2.0):
    dependencies:
      react: 19.2.0
      scheduler: 0.27.0

  react-is@16.13.1: {}

  react-reconciler@0.31.0(react@19.2.0):
    dependencies:
      react: 19.2.0
      scheduler: 0.25.0

  react-use-measure@2.1.7(react-dom@19.2.0(react@19.2.0))(react@19.2.0):
    dependencies:
      react: 19.2.0
    optionalDependencies:
      react-dom: 19.2.0(react@19.2.0)

  react@19.2.0: {}

  require-from-string@2.0.2: {}

  scheduler@0.25.0: {}

  scheduler@0.27.0: {}

  shallowequal@1.1.0: {}

  shebang-command@2.0.0:
    dependencies:
      shebang-regex: 3.0.0

  shebang-regex@3.0.0: {}

  source-map-js@1.2.1: {}

  stats-gl@2.4.2(@types/three@0.180.0)(three@0.180.0):
    dependencies:
      '@types/three': 0.180.0
      three: 0.180.0

  stats.js@0.17.0: {}

  styled-components@6.1.19(react-dom@19.2.0(react@19.2.0))(react@19.2.0):
    dependencies:
      '@emotion/is-prop-valid': 1.2.2
      '@emotion/unitless': 0.8.1
      '@types/stylis': 4.2.5
      css-to-react-native: 3.2.0
      csstype: 3.1.3
      postcss: 8.4.49
      react: 19.2.0
      react-dom: 19.2.0(react@19.2.0)
      shallowequal: 1.1.0
      stylis: 4.3.2
      tslib: 2.6.2

  stylis@4.3.2: {}

  suspend-react@0.1.3(react@19.2.0):
    dependencies:
      react: 19.2.0

  three-mesh-bvh@0.8.3(three@0.180.0):
    dependencies:
      three: 0.180.0

  three-stdlib@2.36.0(three@0.180.0):
    dependencies:
      '@types/draco3d': 1.4.10
      '@types/offscreencanvas': 2019.7.3
      '@types/webxr': 0.5.24
      draco3d: 1.5.7
      fflate: 0.6.10
      potpack: 1.0.2
      three: 0.180.0

  three@0.165.0: {}

  three@0.180.0: {}

  tr46@0.0.3: {}

  troika-three-text@0.52.4(three@0.180.0):
    dependencies:
      bidi-js: 1.0.3
      three: 0.180.0
      troika-three-utils: 0.52.4(three@0.180.0)
      troika-worker-utils: 0.52.0
      webgl-sdf-generator: 1.1.1

  troika-three-utils@0.52.4(three@0.180.0):
    dependencies:
      three: 0.180.0

  troika-worker-utils@0.52.0: {}

  ts-poet@6.12.0:
    dependencies:
      dprint-node: 1.0.8

  ts-proto-descriptors@2.0.0:
    dependencies:
      '@bufbuild/protobuf': 2.10.0

  ts-proto@2.8.3:
    dependencies:
      '@bufbuild/protobuf': 2.10.0
      case-anything: 2.1.13
      ts-poet: 6.12.0
      ts-proto-descriptors: 2.0.0

  tslib@2.6.2: {}

  tslib@2.8.1: {}

  tunnel-rat@0.1.2(@types/react@19.2.2)(react@19.2.0):
    dependencies:
      zustand: 4.5.7(@types/react@19.2.2)(react@19.2.0)
    transitivePeerDependencies:
      - '@types/react'
      - immer
      - react

  undici-types@7.16.0: {}

  use-sync-external-store@1.6.0(react@19.2.0):
    dependencies:
      react: 19.2.0

  utility-types@3.11.0: {}

  uuid@11.1.0: {}

  webgl-constants@1.1.1: {}

  webgl-sdf-generator@1.1.1: {}

  webidl-conversions@3.0.1: {}

  webxr-layers-polyfill@1.1.0:
    dependencies:
      gl-matrix: 3.4.4

  whatwg-url@5.0.0:
    dependencies:
      tr46: 0.0.3
      webidl-conversions: 3.0.1

  which@2.0.2:
    dependencies:
      isexe: 2.0.0

  ws@8.18.3: {}

  zustand@4.5.7(@types/react@19.2.2)(react@19.2.0):
    dependencies:
      use-sync-external-store: 1.6.0(react@19.2.0)
    optionalDependencies:
      '@types/react': 19.2.2
      react: 19.2.0

  zustand@5.0.8(@types/react@19.2.2)(react@19.2.0)(use-sync-external-store@1.6.0(react@19.2.0)):
    optionalDependencies:
      '@types/react': 19.2.2
      react: 19.2.0
      use-sync-external-store: 1.6.0(react@19.2.0)
